{
  "name": "@wasm-tool/rust-loader",
  "version": "0.0.3",
  "lockfileVersion": 1,
  "requires": true,
  "dependencies": {
    "colors": {
      "version": "1.1.2",
      "resolved": "https://registry.npmjs.org/colors/-/colors-1.1.2.tgz",
      "integrity": "sha1-FopHAXVran9RoSzgyXv6KMCE7WM=",
      "dev": true
    },
    "console-emoji": {
      "version": "0.0.2",
      "resolved": "https://registry.npmjs.org/console-emoji/-/console-emoji-0.0.2.tgz",
      "integrity": "sha1-0NbSlU7pKC92+uv/JtlCj7RjEWg=",
      "dev": true,
      "requires": {
        "colors": "1.1.2",
        "node-emoji": "1.4.1"
      }
    },
    "node-emoji": {
      "version": "1.4.1",
      "resolved": "https://registry.npmjs.org/node-emoji/-/node-emoji-1.4.1.tgz",
      "integrity": "sha1-yfoM+RCUM1vLlnpvQrIwXBWvLrw=",
      "dev": true,
      "requires": {
        "string.prototype.codepointat": "0.2.1"
      }
    },
    "string.prototype.codepointat": {
      "version": "0.2.1",
      "resolved": "https://registry.npmjs.org/string.prototype.codepointat/-/string.prototype.codepointat-0.2.1.tgz",
      "integrity": "sha512-2cBVCj6I4IOvEnjgO/hWqXjqBGsY+zwPmHl12Srk9IXSZ56Jwwmy+66XO5Iut/oQVR7t5ihYdLB0GMa4alEUcg==",
      "dev": true
    }
  }
}
